// !$*UTF8*$!
{
	archiveVersion = 1;
	classes = {
	};
	objectVersion = 56;
	objects = {

/* Begin PBXBuildFile section */
		B467260529D5421F009315FB /* SettingView.swift in Sources */ = {isa = PBXBuildFile; fileRef = B467260429D5421F009315FB /* SettingView.swift */; };
		B4B427B929CFF7C700EF5FF2 /* TODOLIST_practice1App.swift in Sources */ = {isa = PBXBuildFile; fileRef = B4B427B829CFF7C700EF5FF2 /* TODOLIST_practice1App.swift */; };
		B4B427BD29CFF7C900EF5FF2 /* Assets.xcassets in Resources */ = {isa = PBXBuildFile; fileRef = B4B427BC29CFF7C900EF5FF2 /* Assets.xcassets */; };
		B4B427C029CFF7C900EF5FF2 /* Preview Assets.xcassets in Resources */ = {isa = PBXBuildFile; fileRef = B4B427BF29CFF7C900EF5FF2 /* Preview Assets.xcassets */; };
		B4B427CA29CFF82900EF5FF2 /* AddView.swift in Sources */ = {isa = PBXBuildFile; fileRef = B4B427C929CFF82900EF5FF2 /* AddView.swift */; };
		B4B427CC29CFFA3900EF5FF2 /* MainView.swift in Sources */ = {isa = PBXBuildFile; fileRef = B4B427CB29CFFA3900EF5FF2 /* MainView.swift */; };
		B4B427CE29CFFCE100EF5FF2 /* TaskModel.swift in Sources */ = {isa = PBXBuildFile; fileRef = B4B427CD29CFFCE100EF5FF2 /* TaskModel.swift */; };
		B4B427D029CFFD2F00EF5FF2 /* TaskViewModel.swift in Sources */ = {isa = PBXBuildFile; fileRef = B4B427CF29CFFD2F00EF5FF2 /* TaskViewModel.swift */; };
		B4B427D229CFFFCB00EF5FF2 /* ListRowView.swift in Sources */ = {isa = PBXBuildFile; fileRef = B4B427D129CFFFCB00EF5FF2 /* ListRowView.swift */; };
/* End PBXBuildFile section */

/* Begin PBXFileReference section */
		B467260429D5421F009315FB /* SettingView.swift */ = {isa = PBXFileReference; lastKnownFileType = sourcecode.swift; path = SettingView.swift; sourceTree = "<group>"; };
		B4B427B529CFF7C700EF5FF2 /* TODOLIST_practice1.app */ = {isa = PBXFileReference; explicitFileType = wrapper.application; includeInIndex = 0; path = TODOLIST_practice1.app; sourceTree = BUILT_PRODUCTS_DIR; };
		B4B427B829CFF7C700EF5FF2 /* TODOLIST_practice1App.swift */ = {isa = PBXFileReference; lastKnownFileType = sourcecode.swift; path = TODOLIST_practice1App.swift; sourceTree = "<group>"; };
		B4B427BC29CFF7C900EF5FF2 /* Assets.xcassets */ = {isa = PBXFileReference; lastKnownFileType = folder.assetcatalog; path = Assets.xcassets; sourceTree = "<group>"; };
		B4B427BF29CFF7C900EF5FF2 /* Preview Assets.xcassets */ = {isa = PBXFileReference; lastKnownFileType = folder.assetcatalog; path = "Preview Assets.xcassets"; sourceTree = "<group>"; };
		B4B427C929CFF82900EF5FF2 /* AddView.swift */ = {isa = PBXFileReference; lastKnownFileType = sourcecode.swift; path = AddView.swift; sourceTree = "<group>"; };
		B4B427CB29CFFA3900EF5FF2 /* MainView.swift */ = {isa = PBXFileReference; lastKnownFileType = sourcecode.swift; path = MainView.swift; sourceTree = "<group>"; };
		B4B427CD29CFFCE100EF5FF2 /* TaskModel.swift */ = {isa = PBXFileReference; lastKnownFileType = sourcecode.swift; path = TaskModel.swift; sourceTree = "<group>"; };
		B4B427CF29CFFD2F00EF5FF2 /* TaskViewModel.swift */ = {isa = PBXFileReference; lastKnownFileType = sourcecode.swift; path = TaskViewModel.swift; sourceTree = "<group>"; };
		B4B427D129CFFFCB00EF5FF2 /* ListRowView.swift */ = {isa = PBXFileReference; lastKnownFileType = sourcecode.swift; path = ListRowView.swift; sourceTree = "<group>"; };
/* End PBXFileReference section */

/* Begin PBXFrameworksBuildPhase section */
		B4B427B229CFF7C700EF5FF2 /* Frameworks */ = {
			isa = PBXFrameworksBuildPhase;
			buildActionMask = 2147483647;
			files = (
			);
			runOnlyForDeploymentPostprocessing = 0;
		};
/* End PBXFrameworksBuildPhase section */

/* Begin PBXGroup section */
		B4B427AC29CFF7C700EF5FF2 = {
			isa = PBXGroup;
			children = (
				B4B427B729CFF7C700EF5FF2 /* TODOLIST_practice1 */,
				B4B427B629CFF7C700EF5FF2 /* Products */,
			);
			sourceTree = "<group>";
		};
		B4B427B629CFF7C700EF5FF2 /* Products */ = {
			isa = PBXGroup;
			children = (
				B4B427B529CFF7C700EF5FF2 /* TODOLIST_practice1.app */,
			);
			name = Products;
			sourceTree = "<group>";
		};
		B4B427B729CFF7C700EF5FF2 /* TODOLIST_practice1 */ = {
			isa = PBXGroup;
			children = (
				B4B427B829CFF7C700EF5FF2 /* TODOLIST_practice1App.swift */,
				B4B427C829CFF81000EF5FF2 /* Model */,
				B4B427C729CFF80F00EF5FF2 /* View */,
				B4B427C629CFF80A00EF5FF2 /* ViewModel */,
				B4B427BC29CFF7C900EF5FF2 /* Assets.xcassets */,
				B4B427BE29CFF7C900EF5FF2 /* Preview Content */,
			);
			path = TODOLIST_practice1;
			sourceTree = "<group>";
		};
		B4B427BE29CFF7C900EF5FF2 /* Preview Content */ = {
			isa = PBXGroup;
			children = (
				B4B427BF29CFF7C900EF5FF2 /* Preview Assets.xcassets */,
			);
			path = "Preview Content";
			sourceTree = "<group>";
		};
		B4B427C629CFF80A00EF5FF2 /* ViewModel */ = {
			isa = PBXGroup;
			children = (
				B4B427CF29CFFD2F00EF5FF2 /* TaskViewModel.swift */,
			);
			path = ViewModel;
			sourceTree = "<group>";
		};
		B4B427C729CFF80F00EF5FF2 /* View */ = {
			isa = PBXGroup;
			children = (
				B4B427CB29CFFA3900EF5FF2 /* MainView.swift */,
				B4B427D129CFFFCB00EF5FF2 /* ListRowView.swift */,
				B4B427C929CFF82900EF5FF2 /* AddView.swift */,
				B467260429D5421F009315FB /* SettingView.swift */,
			);
			path = View;
			sourceTree = "<group>";
		};
		B4B427C829CFF81000EF5FF2 /* Model */ = {
			isa = PBXGroup;
			children = (
				B4B427CD29CFFCE100EF5FF2 /* TaskModel.swift */,
			);
			path = Model;
			sourceTree = "<group>";
		};
/* End PBXGroup section */

/* Begin PBXNativeTarget section */
		B4B427B429CFF7C700EF5FF2 /* TODOLIST_practice1 */ = {
			isa = PBXNativeTarget;
			buildConfigurationList = B4B427C329CFF7C900EF5FF2 /* Build configuration list for PBXNativeTarget "TODOLIST_practice1" */;
			buildPhases = (
				B4B427B129CFF7C700EF5FF2 /* Sources */,
				B4B427B229CFF7C700EF5FF2 /* Frameworks */,
				B4B427B329CFF7C700EF5FF2 /* Resources */,
			);
			buildRules = (
			);
			dependencies = (
			);
			name = TODOLIST_practice1;
			productName = TODOLIST_practice1;
			productReference = B4B427B529CFF7C700EF5FF2 /* TODOLIST_practice1.app */;
			productType = "com.apple.product-type.application";
		};
/* End PBXNativeTarget section */

/* Begin PBXProject section */
		B4B427AD29CFF7C700EF5FF2 /* Project object */ = {
			isa = PBXProject;
			attributes = {
				BuildIndependentTargetsInParallel = 1;
				LastSwiftUpdateCheck = 1420;
				LastUpgradeCheck = 1420;
				TargetAttributes = {
					B4B427B429CFF7C700EF5FF2 = {
						CreatedOnToolsVersion = 14.2;
					};
				};
			};
			buildConfigurationList = B4B427B029CFF7C700EF5FF2 /* Build configuration list for PBXProject "TODOLIST_practice1" */;
			compatibilityVersion = "Xcode 14.0";
			developmentRegion = en;
			hasScannedForEncodings = 0;
			knownRegions = (
				en,
				Base,
			);
			mainGroup = B4B427AC29CFF7C700EF5FF2;
			productRefGroup = B4B427B629CFF7C700EF5FF2 /* Products */;
			projectDirPath = "";
			projectRoot = "";
			targets = (
				B4B427B429CFF7C700EF5FF2 /* TODOLIST_practice1 */,
			);
		};
/* End PBXProject section */

/* Begin PBXResourcesBuildPhase section */
		B4B427B329CFF7C700EF5FF2 /* Resources */ = {
			isa = PBXResourcesBuildPhase;
			buildActionMask = 2147483647;
			files = (
				B4B427C029CFF7C900EF5FF2 /* Preview Assets.xcassets in Resources */,
				B4B427BD29CFF7C900EF5FF2 /* Assets.xcassets in Resources */,
			);
			runOnlyForDeploymentPostprocessing = 0;
		};
/* End PBXResourcesBuildPhase section */

/* Begin PBXSourcesBuildPhase section */
		B4B427B129CFF7C700EF5FF2 /* Sources */ = {
			isa = PBXSourcesBuildPhase;
			buildActionMask = 2147483647;
			files = (
				B4B427CA29CFF82900EF5FF2 /* AddView.swift in Sources */,
				B4B427CC29CFFA3900EF5FF2 /* MainView.swift in Sources */,
				B4B427CE29CFFCE100EF5FF2 /* TaskModel.swift in Sources */,
				B467260529D5421F009315FB /* SettingView.swift in Sources */,
				B4B427D029CFFD2F00EF5FF2 /* TaskViewModel.swift in Sources */,
				B4B427B929CFF7C700EF5FF2 /* TODOLIST_practice1App.swift in Sources */,
				B4B427D229CFFFCB00EF5FF2 /* ListRowView.swift in Sources */,
			);
			runOnlyForDeploymentPostprocessing = 0;
		};
/* End PBXSourcesBuildPhase section */

/* Begin XCBuildConfiguration section */
		B4B427C129CFF7C900EF5FF2 /* Debug */ = {
			isa = XCBuildConfiguration;
			buildSettings = {
				ALWAYS_SEARCH_USER_PATHS = NO;
				CLANG_ANALYZER_NONNULL = YES;
				CLANG_ANALYZER_NUMBER_OBJECT_CONVERSION = YES_AGGRESSIVE;
				CLANG_CXX_LANGUAGE_STANDARD = "gnu++20";
				CLANG_ENABLE_MODULES = YES;
				CLANG_ENABLE_OBJC_ARC = YES;
				CLANG_ENABLE_OBJC_WEAK = YES;
				CLANG_WARN_BLOCK_CAPTURE_AUTORELEASING = YES;
				CLANG_WARN_BOOL_CONVERSION = YES;
				CLANG_WARN_COMMA = YES;
				CLANG_WARN_CONSTANT_CONVERSION = YES;
				CLANG_WARN_DEPRECATED_OBJC_IMPLEMENTATIONS = YES;
				CLANG_WARN_DIRECT_OBJC_ISA_USAGE = YES_ERROR;
				CLANG_WARN_DOCUMENTATION_COMMENTS = YES;
				CLANG_WARN_EMPTY_BODY = YES;
				CLANG_WARN_ENUM_CONVERSION = YES;
				CLANG_WARN_INFINITE_RECURSION = YES;
				CLANG_WARN_INT_CONVERSION = YES;
				CLANG_WARN_NON_LITERAL_NULL_CONVERSION = YES;
				CLANG_WARN_OBJC_IMPLICIT_RETAIN_SELF = YES;
				CLANG_WARN_OBJC_LITERAL_CONVERSION = YES;
				CLANG_WARN_OBJC_ROOT_CLASS = YES_ERROR;
				CLANG_WARN_QUOTED_INCLUDE_IN_FRAMEWORK_HEADER = YES;
				CLANG_WARN_RANGE_LOOP_ANALYSIS = YES;
				CLANG_WARN_STRICT_PROTOTYPES = YES;
				CLANG_WARN_SUSPICIOUS_MOVE = YES;
				CLANG_WARN_UNGUARDED_AVAILABILITY = YES_AGGRESSIVE;
				CLANG_WARN_UNREACHABLE_CODE = YES;
				CLANG_WARN__DUPLICATE_METHOD_MATCH = YES;
				COPY_PHASE_STRIP = NO;
				DEBUG_INFORMATION_FORMAT = dwarf;
				ENABLE_STRICT_OBJC_MSGSEND = YES;
				ENABLE_TESTABILITY = YES;
				GCC_C_LANGUAGE_STANDARD = gnu11;
				GCC_DYNAMIC_NO_PIC = NO;
				GCC_NO_COMMON_BLOCKS = YES;
				GCC_OPTIMIZATION_LEVEL = 0;
				GCC_PREPROCESSOR_DEFINITIONS = (
					"DEBUG=1",
					"$(inherited)",
				);
				GCC_WARN_64_TO_32_BIT_CONVERSION = YES;
				GCC_WARN_ABOUT_RETURN_TYPE = YES_ERROR;
				GCC_WARN_UNDECLARED_SELECTOR = YES;
				GCC_WARN_UNINITIALIZED_AUTOS = YES_AGGRESSIVE;
				GCC_WARN_UNUSED_FUNCTION = YES;
				GCC_WARN_UNUSED_VARIABLE = YES;
				IPHONEOS_DEPLOYMENT_TARGET = 16.2;
				MTL_ENABLE_DEBUG_INFO = INCLUDE_SOURCE;
				MTL_FAST_MATH = YES;
				ONLY_ACTIVE_ARCH = YES;
				SDKROOT = iphoneos;
				SWIFT_ACTIVE_COMPILATION_CONDITIONS = DEBUG;
				SWIFT_OPTIMIZATION_LEVEL = "-Onone";
			};
			name = Debug;
		};
		B4B427C229CFF7C900EF5FF2 /* Release */ = {
			isa = XCBuildConfiguration;
			buildSettings = {
				ALWAYS_SEARCH_USER_PATHS = NO;
				CLANG_ANALYZER_NONNULL = YES;
				CLANG_ANALYZER_NUMBER_OBJECT_CONVERSION = YES_AGGRESSIVE;
				CLANG_CXX_LANGUAGE_STANDARD = "gnu++20";
				CLANG_ENABLE_MODULES = YES;
				CLANG_ENABLE_OBJC_ARC = YES;
				CLANG_ENABLE_OBJC_WEAK = YES;
				CLANG_WARN_BLOCK_CAPTURE_AUTORELEASING = YES;
				CLANG_WARN_BOOL_CONVERSION = YES;
				CLANG_WARN_COMMA = YES;
				CLANG_WARN_CONSTANT_CONVERSION = YES;
				CLANG_WARN_DEPRECATED_OBJC_IMPLEMENTATIONS = YES;
				CLANG_WARN_DIRECT_OBJC_ISA_USAGE = YES_ERROR;
				CLANG_WARN_DOCUMENTATION_COMMENTS = YES;
				CLANG_WARN_EMPTY_BODY = YES;
				CLANG_WARN_ENUM_CONVERSION = YES;
				CLANG_WARN_INFINITE_RECURSION = YES;
				CLANG_WARN_INT_CONVERSION = YES;
				CLANG_WARN_NON_LITERAL_NULL_CONVERSION = YES;
				CLANG_WARN_OBJC_IMPLICIT_RETAIN_SELF = YES;
				CLANG_WARN_OBJC_LITERAL_CONVERSION = YES;
				CLANG_WARN_OBJC_ROOT_CLASS = YES_ERROR;
				CLANG_WARN_QUOTED_INCLUDE_IN_FRAMEWORK_HEADER = YES;
				CLANG_WARN_RANGE_LOOP_ANALYSIS = YES;
				CLANG_WARN_STRICT_PROTOTYPES = YES;
				CLANG_WARN_SUSPICIOUS_MOVE = YES;
				CLANG_WARN_UNGUARDED_AVAILABILITY = YES_AGGRESSIVE;
				CLANG_WARN_UNREACHABLE_CODE = YES;
				CLANG_WARN__DUPLICATE_METHOD_MATCH = YES;
				COPY_PHASE_STRIP = NO;
				DEBUG_INFORMATION_FORMAT = "dwarf-with-dsym";
				ENABLE_NS_ASSERTIONS = NO;
				ENABLE_STRICT_OBJC_MSGSEND = YES;
				GCC_C_LANGUAGE_STANDARD = gnu11;
				GCC_NO_COMMON_BLOCKS = YES;
				GCC_WARN_64_TO_32_BIT_CONVERSION = YES;
				GCC_WARN_ABOUT_RETURN_TYPE = YES_ERROR;
				GCC_WARN_UNDECLARED_SELECTOR = YES;
				GCC_WARN_UNINITIALIZED_AUTOS = YES_AGGRESSIVE;
				GCC_WARN_UNUSED_FUNCTION = YES;
				GCC_WARN_UNUSED_VARIABLE = YES;
				IPHONEOS_DEPLOYMENT_TARGET = 16.2;
				MTL_ENABLE_DEBUG_INFO = NO;
				MTL_FAST_MATH = YES;
				SDKROOT = iphoneos;
				SWIFT_COMPILATION_MODE = wholemodule;
				SWIFT_OPTIMIZATION_LEVEL = "-O";
				VALIDATE_PRODUCT = YES;
			};
			name = Release;
		};
		B4B427C429CFF7C900EF5FF2 /* Debug */ = {
			isa = XCBuildConfiguration;
			buildSettings = {
				ASSETCATALOG_COMPILER_APPICON_NAME = AppIcon;
				ASSETCATALOG_COMPILER_GLOBAL_ACCENT_COLOR_NAME = AccentColor;
				CODE_SIGN_STYLE = Automatic;
				CURRENT_PROJECT_VERSION = 1;
				DEVELOPMENT_ASSET_PATHS = "\"TODOLIST_practice1/Preview Content\"";
				DEVELOPMENT_TEAM = JXXZU5QJFC;
				ENABLE_PREVIEWS = YES;
				GENERATE_INFOPLIST_FILE = YES;
				INFOPLIST_KEY_CFBundleDisplayName = DoneList;
				INFOPLIST_KEY_UIApplicationSceneManifest_Generation = YES;
				INFOPLIST_KEY_UIApplicationSupportsIndirectInputEvents = YES;
				INFOPLIST_KEY_UILaunchScreen_Generation = YES;
				INFOPLIST_KEY_UISupportedInterfaceOrientations_iPad = "UIInterfaceOrientationPortrait UIInterfaceOrientationPortraitUpsideDown UIInterfaceOrientationLandscapeLeft UIInterfaceOrientationLandscapeRight";
				INFOPLIST_KEY_UISupportedInterfaceOrientations_iPhone = "UIInterfaceOrientationPortrait UIInterfaceOrientationLandscapeLeft UIInterfaceOrientationLandscapeRight";
				LD_RUNPATH_SEARCH_PATHS = (
					"$(inherited)",
					"@executable_path/Frameworks",
				);
				MARKETING_VERSION = 1.0;
				PRODUCT_BUNDLE_IDENTIFIER = "com.kxx.TODOLIST-practice1";
				PRODUCT_NAME = "$(TARGET_NAME)";
				SWIFT_EMIT_LOC_STRINGS = YES;
				SWIFT_VERSION = 5.0;
				TARGETED_DEVICE_FAMILY = "1,2";
			};
			name = Debug;
		};
		B4B427C529CFF7C900EF5FF2 /* Release */ = {
			isa = XCBuildConfiguration;
			buildSettings = {
				ASSETCATALOG_COMPILER_APPICON_NAME = AppIcon;
				ASSETCATALOG_COMPILER_GLOBAL_ACCENT_COLOR_NAME = AccentColor;
				CODE_SIGN_STYLE = Automatic;
				CURRENT_PROJECT_VERSION = 1;
				DEVELOPMENT_ASSET_PATHS = "\"TODOLIST_practice1/Preview Content\"";
				DEVELOPMENT_TEAM = JXXZU5QJFC;
				ENABLE_PREVIEWS = YES;
				GENERATE_INFOPLIST_FILE = YES;
				INFOPLIST_KEY_CFBundleDisplayName = DoneList;
				INFOPLIST_KEY_UIApplicationSceneManifest_Generation = YES;
				INFOPLIST_KEY_UIApplicationSupportsIndirectInputEvents = YES;
				INFOPLIST_KEY_UILaunchScreen_Generation = YES;
				INFOPLIST_KEY_UISupportedInterfaceOrientations_iPad = "UIInterfaceOrientationPortrait UIInterfaceOrientationPortraitUpsideDown UIInterfaceOrientationLandscapeLeft UIInterfaceOrientationLandscapeRight";
				INFOPLIST_KEY_UISupportedInterfaceOrientations_iPhone = "UIInterfaceOrientationPortrait UIInterfaceOrientationLandscapeLeft UIInterfaceOrientationLandscapeRight";
				LD_RUNPATH_SEARCH_PATHS = (
					"$(inherited)",
					"@executable_path/Frameworks",
				);
				MARKETING_VERSION = 1.0;
				PRODUCT_BUNDLE_IDENTIFIER = "com.kxx.TODOLIST-practice1";
				PRODUCT_NAME = "$(TARGET_NAME)";
				SWIFT_EMIT_LOC_STRINGS = YES;
				SWIFT_VERSION = 5.0;
				TARGETED_DEVICE_FAMILY = "1,2";
			};
			name = Release;
		};
/* End XCBuildConfiguration section */

/* Begin XCConfigurationList section */
		B4B427B029CFF7C700EF5FF2 /* Build configuration list for PBXProject "TODOLIST_practice1" */ = {
			isa = XCConfigurationList;
			buildConfigurations = (
				B4B427C129CFF7C900EF5FF2 /* Debug */,
				B4B427C229CFF7C900EF5FF2 /* Release */,
			);
			defaultConfigurationIsVisible = 0;
			defaultConfigurationName = Release;
		};
		B4B427C329CFF7C900EF5FF2 /* Build configuration list for PBXNativeTarget "TODOLIST_practice1" */ = {
			isa = XCConfigurationList;
			buildConfigurations = (
				B4B427C429CFF7C900EF5FF2 /* Debug */,
				B4B427C529CFF7C900EF5FF2 /* Release */,
			);
			defaultConfigurationIsVisible = 0;
			defaultConfigurationName = Release;
		};
/* End XCConfigurationList section */
	};
	rootObject = B4B427AD29CFF7C700EF5FF2 /* Project object */;
}
